<Solution>
  <Folder Name="/src/">
    <Project Path="src/Raft.Checker/Raft.Checker.csproj" />
    <Project Path="src/Raft.Core/Raft.Core.csproj" />
    <Project Path="src/Raft.Host/Raft.Host.csproj" />
    <Project Path="src/Raft.Kv/Raft.Kv.csproj" />
    <Project Path="src/Raft.Simulation/Raft.Simulation.csproj" />
  </Folder>
  <Folder Name="/tests/">
    <Project Path="tests/Raft.Architecture.Tests/Raft.Architecture.Tests.csproj" />
    <Project Path="tests/Raft.Checker.Tests/Raft.Checker.Tests.csproj" />
    <Project Path="tests/Raft.Scale.Tests/Raft.Scale.Tests.csproj" />
    <Project Path="tests/Raft.Core.Tests/Raft.Core.Tests.csproj" />
    <Project Path="tests/Raft.Gates.Tests/Raft.Gates.Tests.csproj" />
    <Project Path="tests/Raft.Simulation.Tests/Raft.Simulation.Tests.csproj" />
  </Folder>
  <Folder Name="/tools/">
    <Project Path="tools/Raft.Gates/Raft.Gates.csproj" />
    <Project Path="tools/Raft.SimRun/Raft.SimRun.csproj" />
  </Folder>
</Solution>
