{
  "version": 2,
  "dependencies": {
    "net10.0": {
      "raft.checker": {
        "type": "Project"
      },
      "raft.core": {
        "type": "Project"
      },
      "raft.host": {
        "type": "Project",
        "dependencies": {
          "Raft.Core": "[1.0.0, )",
          "Raft.Kv": "[1.0.0, )"
        }
      },
      "raft.kv": {
        "type": "Project",
        "dependencies": {
          "Raft.Core": "[1.0.0, )"
        }
      },
      "raft.simulation": {
        "type": "Project",
        "dependencies": {
          "Raft.Core": "[1.0.0, )"
        }
      }
    }
  }
}